<?xml version="1.0" encoding="utf-8"?>
<Project ToolsVersion="4.0" xmlns="http://schemas.microsoft.com/developer/msbuild/2003">
  <ItemGroup>
    <Filter Include="Source Files">
      <UniqueIdentifier>{4FC737F1-C7A5-4376-A066-2A32D752A2FF}</UniqueIdentifier>
      <Extensions>cpp;c;cc;cxx;c++;cppm;ixx;def;odl;idl;hpj;bat;asm;asmx</Extensions>
    </Filter>
    <Filter Include="Header Files">
      <UniqueIdentifier>{93995380-89BD-4b04-88EB-625FBE52EBFB}</UniqueIdentifier>
      <Extensions>h;hh;hpp;hxx;h++;hm;inl;inc;ipp;xsd</Extensions>
    </Filter>
    <Filter Include="Resource Files">
      <UniqueIdentifier>{67DA6AB6-F800-4c08-8B7A-83BB121AAD01}</UniqueIdentifier>
      <Extensions>rc;ico;cur;bmp;dlg;rc2;rct;bin;rgs;gif;jpg;jpeg;jpe;resx;tiff;tif;png;wav;mfcribbon-ms</Extensions>
    </Filter>
    <Filter Include="Source Files\UserMenu">
      <UniqueIdentifier>{04b152de-81df-4c08-b916-1fe64af89c4b}</UniqueIdentifier>
    </Filter>
    <Filter Include="Source Files\UserMenu\MenuGroups">
      <UniqueIdentifier>{25698811-ec54-4120-91a0-b9e907871c86}</UniqueIdentifier>
    </Filter>
    <Filter Include="Source Files\UserMenu\WelcomeMenuOptions">
      <UniqueIdentifier>{435513e3-e7fd-4b71-bfff-2d6f2fdbc144}</UniqueIdentifier>
    </Filter>
    <Filter Include="Source Files\NewFilter1">
      <UniqueIdentifier>{e651073c-da34-4130-85c5-252a0a564939}</UniqueIdentifier>
    </Filter>
  </ItemGroup>
  <ItemGroup>
    <ClCompile Include="Main.cpp">
      <Filter>Source Files</Filter>
    </ClCompile>
    <ClCompile Include="UserMenu.cpp">
      <Filter>Source Files</Filter>
    </ClCompile>
    <ClCompile Include="WelcomeMenuGroup.cpp">
      <Filter>Source Files\UserMenu\MenuGroups</Filter>
    </ClCompile>
  </ItemGroup>
  <ItemGroup>
    <Text Include="inp.txt">
      <Filter>Source Files</Filter>
    </Text>
  </ItemGroup>
</Project>