<?xml version="1.0" encoding="utf-8"?>
<Project ToolsVersion="4.0" xmlns="http://schemas.microsoft.com/developer/msbuild/2003">
  <ItemGroup>
    <Filter Include="Source Files">
      <UniqueIdentifier>{4FC737F1-C7A5-4376-A066-2A32D752A2FF}</UniqueIdentifier>
      <Extensions>cpp;c;cc;cxx;c++;cppm;ixx;def;odl;idl;hpj;bat;asm;asmx</Extensions>
    </Filter>
    <Filter Include="Header Files">
      <UniqueIdentifier>{93995380-89BD-4b04-88EB-625FBE52EBFB}</UniqueIdentifier>
      <Extensions>h;hh;hpp;hxx;h++;hm;inl;inc;ipp;xsd</Extensions>
    </Filter>
    <Filter Include="Resource Files">
      <UniqueIdentifier>{67DA6AB6-F800-4c08-8B7A-83BB121AAD01}</UniqueIdentifier>
      <Extensions>rc;ico;cur;bmp;dlg;rc2;rct;bin;rgs;gif;jpg;jpeg;jpe;resx;tiff;tif;png;wav;mfcribbon-ms</Extensions>
    </Filter>
    <Filter Include="Source Files\UserMenu">
      <UniqueIdentifier>{04b152de-81df-4c08-b916-1fe64af89c4b}</UniqueIdentifier>
    </Filter>
    <Filter Include="Header Files\UserMenu">
      <UniqueIdentifier>{66366e7d-e090-419e-8f9d-f98c28484564}</UniqueIdentifier>
    </Filter>
    <Filter Include="Header Files\UserMenu\IdleMenuGroup">
      <UniqueIdentifier>{ff17fcf2-c6c9-440c-8714-4a56da568fbf}</UniqueIdentifier>
    </Filter>
    <Filter Include="Source Files\UserMenu\IdleMenuGroup">
      <UniqueIdentifier>{25698811-ec54-4120-91a0-b9e907871c86}</UniqueIdentifier>
    </Filter>
    <Filter Include="Source Files\UserMenu\SecondMenuGroup.cpp">
      <UniqueIdentifier>{dfb2b4ea-538f-44f5-af81-9420a4e4039b}</UniqueIdentifier>
    </Filter>
    <Filter Include="Source Files\UserMenu\UserMenuFactory">
      <UniqueIdentifier>{704be516-356c-4351-a409-782f3f76a492}</UniqueIdentifier>
    </Filter>
  </ItemGroup>
  <ItemGroup>
    <ClCompile Include="Main.cpp">
      <Filter>Source Files</Filter>
    </ClCompile>
    <ClCompile Include="MenuItemGroupBase.cpp">
      <Filter>Source Files\UserMenu</Filter>
    </ClCompile>
    <ClCompile Include="UserMenu.cpp">
      <Filter>Source Files\UserMenu</Filter>
    </ClCompile>
    <ClCompile Include="SecondMenuGroup.cpp">
      <Filter>Source Files\UserMenu\SecondMenuGroup.cpp</Filter>
    </ClCompile>
    <ClCompile Include="SecondMenuOption.cpp">
      <Filter>Source Files\UserMenu\IdleMenuGroup</Filter>
    </ClCompile>
    <ClCompile Include="IdleMenuGroup.cpp">
      <Filter>Source Files\UserMenu\IdleMenuGroup</Filter>
    </ClCompile>
    <ClCompile Include="SelectIdleMenuGroup.cpp">
      <Filter>Source Files\UserMenu\SecondMenuGroup.cpp</Filter>
    </ClCompile>
    <ClCompile Include="UserMenuFactory.cpp">
      <Filter>Source Files\UserMenu\UserMenuFactory</Filter>
    </ClCompile>
  </ItemGroup>
  <ItemGroup>
    <Text Include="inp.txt">
      <Filter>Source Files</Filter>
    </Text>
  </ItemGroup>
  <ItemGroup>
    <ClInclude Include="MenuOptionBase.cpp">
      <Filter>Source Files\UserMenu</Filter>
    </ClInclude>
    <ClInclude Include="UserMenu.h">
      <Filter>Header Files\UserMenu</Filter>
    </ClInclude>
    <ClInclude Include="MenuItemGroup.h">
      <Filter>Header Files\UserMenu</Filter>
    </ClInclude>
    <ClInclude Include="MenuOption.h">
      <Filter>Header Files\UserMenu</Filter>
    </ClInclude>
  </ItemGroup>
</Project>